// !$*UTF8*$!
{
	archiveVersion = 1;
	classes = {
	};
	objectVersion = 77;
	objects = {

/* Begin PBXBuildFile section */
		324479A077E4E0A008256690 /* GameEngine.swift in Sources */ = {isa = PBXBuildFile; fileRef = 1068173727DBCB4E2D28475E /* GameEngine.swift */; };
		40BFDFC1D5B67B62437FE797 /* Pipe.swift in Sources */ = {isa = PBXBuildFile; fileRef = 2C751CEBEEF82FF6F8921C17 /* Pipe.swift */; };
		9BC60BA7C423BD9542F76E7C /* ContentView.swift in Sources */ = {isa = PBXBuildFile; fileRef = FC76182648FE04A3721392A5 /* ContentView.swift */; };
		A52A5C6C5E7E8B53FA4B81B7 /* Assets.xcassets in Resources */ = {isa = PBXBuildFile; fileRef = 56AC4A377426948E075EE06A /* Assets.xcassets */; };
		A5AC984859BBC25C6E2921B6 /* FlappyWatchApp.swift in Sources */ = {isa = PBXBuildFile; fileRef = D42088AC428C15852C3399EE /* FlappyWatchApp.swift */; };
/* End PBXBuildFile section */

/* Begin PBXFileReference section */
		010A2C8E58BE529529014B28 /* FlappyWatch Watch App.app */ = {isa = PBXFileReference; explicitFileType = wrapper.application; includeInIndex = 0; path = "FlappyWatch Watch App.app"; sourceTree = BUILT_PRODUCTS_DIR; };
		1068173727DBCB4E2D28475E /* GameEngine.swift */ = {isa = PBXFileReference; lastKnownFileType = sourcecode.swift; path = GameEngine.swift; sourceTree = "<group>"; };
		2C751CEBEEF82FF6F8921C17 /* Pipe.swift */ = {isa = PBXFileReference; lastKnownFileType = sourcecode.swift; path = Pipe.swift; sourceTree = "<group>"; };
		56AC4A377426948E075EE06A /* Assets.xcassets */ = {isa = PBXFileReference; lastKnownFileType = folder.assetcatalog; path = Assets.xcassets; sourceTree = "<group>"; };
		ABFF454E5FCD90F148F6DEB3 /* Info.plist */ = {isa = PBXFileReference; lastKnownFileType = text.plist; path = Info.plist; sourceTree = "<group>"; };
		D42088AC428C15852C3399EE /* FlappyWatchApp.swift */ = {isa = PBXFileReference; lastKnownFileType = sourcecode.swift; path = FlappyWatchApp.swift; sourceTree = "<group>"; };
		FC76182648FE04A3721392A5 /* ContentView.swift */ = {isa = PBXFileReference; lastKnownFileType = sourcecode.swift; path = ContentView.swift; sourceTree = "<group>"; };
/* End PBXFileReference section */

/* Begin PBXGroup section */
		1F442446947EE1062011DC11 /* Views */ = {
			isa = PBXGroup;
			children = (
				FC76182648FE04A3721392A5 /* ContentView.swift */,
			);
			path = Views;
			sourceTree = "<group>";
		};
		65E9A0909FDF35FE0AA834ED /* FlappyWatch Watch App */ = {
			isa = PBXGroup;
			children = (
				56AC4A377426948E075EE06A /* Assets.xcassets */,
				D42088AC428C15852C3399EE /* FlappyWatchApp.swift */,
				ABFF454E5FCD90F148F6DEB3 /* Info.plist */,
				C336FB9708669B1673ACD500 /* Game */,
				1F442446947EE1062011DC11 /* Views */,
			);
			path = "FlappyWatch Watch App";
			sourceTree = "<group>";
		};
		92CB7F2609FBD7DAAE7D2313 = {
			isa = PBXGroup;
			children = (
				65E9A0909FDF35FE0AA834ED /* FlappyWatch Watch App */,
				ECDC51A1E76DE654BFFECEF6 /* Products */,
			);
			sourceTree = "<group>";
		};
		C336FB9708669B1673ACD500 /* Game */ = {
			isa = PBXGroup;
			children = (
				1068173727DBCB4E2D28475E /* GameEngine.swift */,
				2C751CEBEEF82FF6F8921C17 /* Pipe.swift */,
			);
			path = Game;
			sourceTree = "<group>";
		};
		ECDC51A1E76DE654BFFECEF6 /* Products */ = {
			isa = PBXGroup;
			children = (
				010A2C8E58BE529529014B28 /* FlappyWatch Watch App.app */,
			);
			name = Products;
			sourceTree = "<group>";
		};
/* End PBXGroup section */

/* Begin PBXNativeTarget section */
		278CFF35A86755B27B63D7C4 /* FlappyWatch Watch App */ = {
			isa = PBXNativeTarget;
			buildConfigurationList = 419FA2AADDC0D6AE3BD01771 /* Build configuration list for PBXNativeTarget "FlappyWatch Watch App" */;
			buildPhases = (
				22D2421113AC14BDCFE9D2E1 /* Sources */,
				891813CFD18292C3BB9A63EF /* Resources */,
			);
			buildRules = (
			);
			dependencies = (
			);
			name = "FlappyWatch Watch App";
			packageProductDependencies = (
			);
			productName = "FlappyWatch Watch App";
			productReference = 010A2C8E58BE529529014B28 /* FlappyWatch Watch App.app */;
			productType = "com.apple.product-type.application";
		};
/* End PBXNativeTarget section */

/* Begin PBXProject section */
		AFFE1763B850E3747688348F /* Project object */ = {
			isa = PBXProject;
			attributes = {
				BuildIndependentTargetsInParallel = YES;
				LastUpgradeCheck = 1430;
				TargetAttributes = {
					278CFF35A86755B27B63D7C4 = {
						ProvisioningStyle = Automatic;
					};
				};
			};
			buildConfigurationList = C211129FF0162E01D66D7719 /* Build configuration list for PBXProject "FlappyWatch" */;
			developmentRegion = en;
			hasScannedForEncodings = 0;
			knownRegions = (
				Base,
				en,
			);
			mainGroup = 92CB7F2609FBD7DAAE7D2313;
			minimizedProjectReferenceProxies = 1;
			preferredProjectObjectVersion = 77;
			productRefGroup = ECDC51A1E76DE654BFFECEF6 /* Products */;
			projectDirPath = "";
			projectRoot = "";
			targets = (
				278CFF35A86755B27B63D7C4 /* FlappyWatch Watch App */,
			);
		};
/* End PBXProject section */

/* Begin PBXResourcesBuildPhase section */
		891813CFD18292C3BB9A63EF /* Resources */ = {
			isa = PBXResourcesBuildPhase;
			buildActionMask = 2147483647;
			files = (
				A52A5C6C5E7E8B53FA4B81B7 /* Assets.xcassets in Resources */,
			);
			runOnlyForDeploymentPostprocessing = 0;
		};
/* End PBXResourcesBuildPhase section */

/* Begin PBXSourcesBuildPhase section */
		22D2421113AC14BDCFE9D2E1 /* Sources */ = {
			isa = PBXSourcesBuildPhase;
			buildActionMask = 2147483647;
			files = (
				9BC60BA7C423BD9542F76E7C /* ContentView.swift in Sources */,
				A5AC984859BBC25C6E2921B6 /* FlappyWatchApp.swift in Sources */,
				324479A077E4E0A008256690 /* GameEngine.swift in Sources */,
				40BFDFC1D5B67B62437FE797 /* Pipe.swift in Sources */,
			);
			runOnlyForDeploymentPostprocessing = 0;
		};
/* End PBXSourcesBuildPhase section */

/* Begin XCBuildConfiguration section */
		37B79FA35F2AF0BD4CCE2134 /* Release */ = {
			isa = XCBuildConfiguration;
			buildSettings = {
				ALWAYS_SEARCH_USER_PATHS = NO;
				CLANG_ANALYZER_NONNULL = YES;
				CLANG_ANALYZER_NUMBER_OBJECT_CONVERSION = YES_AGGRESSIVE;
				CLANG_CXX_LANGUAGE_STANDARD = "gnu++14";
				CLANG_CXX_LIBRARY = "libc++";
				CLANG_ENABLE_MODULES = YES;
				CLANG_ENABLE_OBJC_ARC = YES;
				CLANG_ENABLE_OBJC_WEAK = YES;
				CLANG_WARN_BLOCK_CAPTURE_AUTORELEASING = YES;
				CLANG_WARN_BOOL_CONVERSION = YES;
				CLANG_WARN_COMMA = YES;
				CLANG_WARN_CONSTANT_CONVERSION = YES;
				CLANG_WARN_DEPRECATED_OBJC_IMPLEMENTATIONS = YES;
				CLANG_WARN_DIRECT_OBJC_ISA_USAGE = YES_ERROR;
				CLANG_WARN_DOCUMENTATION_COMMENTS = YES;
				CLANG_WARN_EMPTY_BODY = YES;
				CLANG_WARN_ENUM_CONVERSION = YES;
				CLANG_WARN_INFINITE_RECURSION = YES;
				CLANG_WARN_INT_CONVERSION = YES;
				CLANG_WARN_NON_LITERAL_NULL_CONVERSION = YES;
				CLANG_WARN_OBJC_IMPLICIT_RETAIN_SELF = YES;
				CLANG_WARN_OBJC_LITERAL_CONVERSION = YES;
				CLANG_WARN_OBJC_ROOT_CLASS = YES_ERROR;
				CLANG_WARN_QUOTED_INCLUDE_IN_FRAMEWORK_HEADER = YES;
				CLANG_WARN_RANGE_LOOP_ANALYSIS = YES;
				CLANG_WARN_STRICT_PROTOTYPES = YES;
				CLANG_WARN_SUSPICIOUS_MOVE = YES;
				CLANG_WARN_UNGUARDED_AVAILABILITY = YES_AGGRESSIVE;
				CLANG_WARN_UNREACHABLE_CODE = YES;
				CLANG_WARN__DUPLICATE_METHOD_MATCH = YES;
				COPY_PHASE_STRIP = NO;
				DEBUG_INFORMATION_FORMAT = "dwarf-with-dsym";
				ENABLE_NS_ASSERTIONS = NO;
				ENABLE_STRICT_OBJC_MSGSEND = YES;
				GCC_C_LANGUAGE_STANDARD = gnu11;
				GCC_NO_COMMON_BLOCKS = YES;
				GCC_WARN_64_TO_32_BIT_CONVERSION = YES;
				GCC_WARN_ABOUT_RETURN_TYPE = YES_ERROR;
				GCC_WARN_UNDECLARED_SELECTOR = YES;
				GCC_WARN_UNINITIALIZED_AUTOS = YES_AGGRESSIVE;
				GCC_WARN_UNUSED_FUNCTION = YES;
				GCC_WARN_UNUSED_VARIABLE = YES;
				MTL_ENABLE_DEBUG_INFO = NO;
				MTL_FAST_MATH = YES;
				PRODUCT_NAME = "$(TARGET_NAME)";
				SDKROOT = watchos;
				SWIFT_COMPILATION_MODE = wholemodule;
				SWIFT_OPTIMIZATION_LEVEL = "-O";
				SWIFT_VERSION = 5.0;
				WATCHOS_DEPLOYMENT_TARGET = 10.0;
			};
			name = Release;
		};
		4B2CD057081FAFAF117449C6 /* Release */ = {
			isa = XCBuildConfiguration;
			buildSettings = {
				ASSETCATALOG_COMPILER_APPICON_NAME = AppIcon;
				ASSETCATALOG_COMPILER_GLOBAL_ACCENT_COLOR_NAME = AccentColor;
				CODE_SIGN_STYLE = Automatic;
				INFOPLIST_FILE = "FlappyWatch Watch App/Info.plist";
				PRODUCT_BUNDLE_IDENTIFIER = com.oyoroi.flappywatch;
				SDKROOT = watchos;
				SKIP_INSTALL = YES;
				SUPPORTS_MACCATALYST = NO;
				SWIFT_VERSION = 5.0;
				TARGETED_DEVICE_FAMILY = 4;
				WATCHOS_DEPLOYMENT_TARGET = 10.0;
			};
			name = Release;
		};
		61819170FEE9F7FAA490585D /* Debug */ = {
			isa = XCBuildConfiguration;
			buildSettings = {
				ALWAYS_SEARCH_USER_PATHS = NO;
				CLANG_ANALYZER_NONNULL = YES;
				CLANG_ANALYZER_NUMBER_OBJECT_CONVERSION = YES_AGGRESSIVE;
				CLANG_CXX_LANGUAGE_STANDARD = "gnu++14";
				CLANG_CXX_LIBRARY = "libc++";
				CLANG_ENABLE_MODULES = YES;
				CLANG_ENABLE_OBJC_ARC = YES;
				CLANG_ENABLE_OBJC_WEAK = YES;
				CLANG_WARN_BLOCK_CAPTURE_AUTORELEASING = YES;
				CLANG_WARN_BOOL_CONVERSION = YES;
				CLANG_WARN_COMMA = YES;
				CLANG_WARN_CONSTANT_CONVERSION = YES;
				CLANG_WARN_DEPRECATED_OBJC_IMPLEMENTATIONS = YES;
				CLANG_WARN_DIRECT_OBJC_ISA_USAGE = YES_ERROR;
				CLANG_WARN_DOCUMENTATION_COMMENTS = YES;
				CLANG_WARN_EMPTY_BODY = YES;
				CLANG_WARN_ENUM_CONVERSION = YES;
				CLANG_WARN_INFINITE_RECURSION = YES;
				CLANG_WARN_INT_CONVERSION = YES;
				CLANG_WARN_NON_LITERAL_NULL_CONVERSION = YES;
				CLANG_WARN_OBJC_IMPLICIT_RETAIN_SELF = YES;
				CLANG_WARN_OBJC_LITERAL_CONVERSION = YES;
				CLANG_WARN_OBJC_ROOT_CLASS = YES_ERROR;
				CLANG_WARN_QUOTED_INCLUDE_IN_FRAMEWORK_HEADER = YES;
				CLANG_WARN_RANGE_LOOP_ANALYSIS = YES;
				CLANG_WARN_STRICT_PROTOTYPES = YES;
				CLANG_WARN_SUSPICIOUS_MOVE = YES;
				CLANG_WARN_UNGUARDED_AVAILABILITY = YES_AGGRESSIVE;
				CLANG_WARN_UNREACHABLE_CODE = YES;
				CLANG_WARN__DUPLICATE_METHOD_MATCH = YES;
				COPY_PHASE_STRIP = NO;
				DEBUG_INFORMATION_FORMAT = dwarf;
				ENABLE_STRICT_OBJC_MSGSEND = YES;
				ENABLE_TESTABILITY = YES;
				GCC_C_LANGUAGE_STANDARD = gnu11;
				GCC_DYNAMIC_NO_PIC = NO;
				GCC_NO_COMMON_BLOCKS = YES;
				GCC_OPTIMIZATION_LEVEL = 0;
				GCC_PREPROCESSOR_DEFINITIONS = (
					"$(inherited)",
					"DEBUG=1",
				);
				GCC_WARN_64_TO_32_BIT_CONVERSION = YES;
				GCC_WARN_ABOUT_RETURN_TYPE = YES_ERROR;
				GCC_WARN_UNDECLARED_SELECTOR = YES;
				GCC_WARN_UNINITIALIZED_AUTOS = YES_AGGRESSIVE;
				GCC_WARN_UNUSED_FUNCTION = YES;
				GCC_WARN_UNUSED_VARIABLE = YES;
				MTL_ENABLE_DEBUG_INFO = INCLUDE_SOURCE;
				MTL_FAST_MATH = YES;
				ONLY_ACTIVE_ARCH = YES;
				PRODUCT_NAME = "$(TARGET_NAME)";
				SDKROOT = watchos;
				SWIFT_ACTIVE_COMPILATION_CONDITIONS = DEBUG;
				SWIFT_OPTIMIZATION_LEVEL = "-Onone";
				SWIFT_VERSION = 5.0;
				WATCHOS_DEPLOYMENT_TARGET = 10.0;
			};
			name = Debug;
		};
		A00B30CB61A0D0462F68F3CD /* Debug */ = {
			isa = XCBuildConfiguration;
			buildSettings = {
				ASSETCATALOG_COMPILER_APPICON_NAME = AppIcon;
				ASSETCATALOG_COMPILER_GLOBAL_ACCENT_COLOR_NAME = AccentColor;
				CODE_SIGN_STYLE = Automatic;
				INFOPLIST_FILE = "FlappyWatch Watch App/Info.plist";
				PRODUCT_BUNDLE_IDENTIFIER = com.oyoroi.flappywatch;
				SDKROOT = watchos;
				SKIP_INSTALL = YES;
				SUPPORTS_MACCATALYST = NO;
				SWIFT_VERSION = 5.0;
				TARGETED_DEVICE_FAMILY = 4;
				WATCHOS_DEPLOYMENT_TARGET = 10.0;
			};
			name = Debug;
		};
/* End XCBuildConfiguration section */

/* Begin XCConfigurationList section */
		419FA2AADDC0D6AE3BD01771 /* Build configuration list for PBXNativeTarget "FlappyWatch Watch App" */ = {
			isa = XCConfigurationList;
			buildConfigurations = (
				A00B30CB61A0D0462F68F3CD /* Debug */,
				4B2CD057081FAFAF117449C6 /* Release */,
			);
			defaultConfigurationIsVisible = 0;
			defaultConfigurationName = Debug;
		};
		C211129FF0162E01D66D7719 /* Build configuration list for PBXProject "FlappyWatch" */ = {
			isa = XCConfigurationList;
			buildConfigurations = (
				61819170FEE9F7FAA490585D /* Debug */,
				37B79FA35F2AF0BD4CCE2134 /* Release */,
			);
			defaultConfigurationIsVisible = 0;
			defaultConfigurationName = Debug;
		};
/* End XCConfigurationList section */
	};
	rootObject = AFFE1763B850E3747688348F /* Project object */;
}
